// !$*UTF8*$!
{
	archiveVersion = 1;
	classes = {
	};
	objectVersion = 48;
	objects = {

/* Begin PBXAggregateTarget section */
		7C66B1F41FCDF3590016FACD /* All */ = {
			isa = PBXAggregateTarget;
			buildConfigurationList = 7C66B1F51FCDF3590016FACD /* Build configuration list for PBXAggregateTarget "All" */;
			buildPhases = (
			);
			dependencies = (
				7C66B1F91FCDF3630016FACD /* PBXTargetDependency */,
				7C66B1FB1FCDF3630016FACD /* PBXTargetDependency */,
			);
			name = All;
			productName = All;
		};
/* End PBXAggregateTarget section */

/* Begin PBXBuildFile section */
		7C66B1E01FCDF0C90016FACD /* AnimeManager.framework in Frameworks */ = {isa = PBXBuildFile; fileRef = 7C66B1D61FCDF0C80016FACD /* AnimeManager.framework */; };
		7C66B1E51FCDF0C90016FACD /* AnimeManagerTests.swift in Sources */ = {isa = PBXBuildFile; fileRef = 7C66B1E41FCDF0C90016FACD /* AnimeManagerTests.swift */; };
		7C66B1E71FCDF0C90016FACD /* AnimeManager.h in Headers */ = {isa = PBXBuildFile; fileRef = 7C66B1D91FCDF0C80016FACD /* AnimeManager.h */; settings = {ATTRIBUTES = (Public, ); }; };
		7C66B1F11FCDF1010016FACD /* MyAnimeList.swift in Sources */ = {isa = PBXBuildFile; fileRef = 7C66B1F01FCDF1010016FACD /* MyAnimeList.swift */; };
		7C66B1F31FCDF1EC0016FACD /* Requester.swift in Sources */ = {isa = PBXBuildFile; fileRef = 7C66B1F21FCDF1EC0016FACD /* Requester.swift */; };
		7C66B1FD1FCE42C30016FACD /* Funimation.swift in Sources */ = {isa = PBXBuildFile; fileRef = 7C66B1FC1FCE42C30016FACD /* Funimation.swift */; };
		7C66B1FF1FCE51170016FACD /* Kitsu.swift in Sources */ = {isa = PBXBuildFile; fileRef = 7C66B1FE1FCE51170016FACD /* Kitsu.swift */; };
/* End PBXBuildFile section */

/* Begin PBXContainerItemProxy section */
		7C66B1E11FCDF0C90016FACD /* PBXContainerItemProxy */ = {
			isa = PBXContainerItemProxy;
			containerPortal = 7C66B1CD1FCDF0C80016FACD /* Project object */;
			proxyType = 1;
			remoteGlobalIDString = 7C66B1D51FCDF0C80016FACD;
			remoteInfo = AnimeManager;
		};
		7C66B1F81FCDF3630016FACD /* PBXContainerItemProxy */ = {
			isa = PBXContainerItemProxy;
			containerPortal = 7C66B1CD1FCDF0C80016FACD /* Project object */;
			proxyType = 1;
			remoteGlobalIDString = 7C66B1D51FCDF0C80016FACD;
			remoteInfo = AnimeManager;
		};
		7C66B1FA1FCDF3630016FACD /* PBXContainerItemProxy */ = {
			isa = PBXContainerItemProxy;
			containerPortal = 7C66B1CD1FCDF0C80016FACD /* Project object */;
			proxyType = 1;
			remoteGlobalIDString = 7C66B1DE1FCDF0C90016FACD;
			remoteInfo = AnimeManagerTests;
		};
/* End PBXContainerItemProxy section */

/* Begin PBXFileReference section */
		7C66B1D61FCDF0C80016FACD /* AnimeManager.framework */ = {isa = PBXFileReference; explicitFileType = wrapper.framework; includeInIndex = 0; path = AnimeManager.framework; sourceTree = BUILT_PRODUCTS_DIR; };
		7C66B1D91FCDF0C80016FACD /* AnimeManager.h */ = {isa = PBXFileReference; lastKnownFileType = sourcecode.c.h; path = AnimeManager.h; sourceTree = "<group>"; };
		7C66B1DA1FCDF0C80016FACD /* Info.plist */ = {isa = PBXFileReference; lastKnownFileType = text.plist.xml; path = Info.plist; sourceTree = "<group>"; };
		7C66B1DF1FCDF0C90016FACD /* AnimeManagerTests.xctest */ = {isa = PBXFileReference; explicitFileType = wrapper.cfbundle; includeInIndex = 0; path = AnimeManagerTests.xctest; sourceTree = BUILT_PRODUCTS_DIR; };
		7C66B1E41FCDF0C90016FACD /* AnimeManagerTests.swift */ = {isa = PBXFileReference; lastKnownFileType = sourcecode.swift; path = AnimeManagerTests.swift; sourceTree = "<group>"; };
		7C66B1E61FCDF0C90016FACD /* Info.plist */ = {isa = PBXFileReference; lastKnownFileType = text.plist.xml; path = Info.plist; sourceTree = "<group>"; };
		7C66B1F01FCDF1010016FACD /* MyAnimeList.swift */ = {isa = PBXFileReference; lastKnownFileType = sourcecode.swift; path = MyAnimeList.swift; sourceTree = "<group>"; };
		7C66B1F21FCDF1EC0016FACD /* Requester.swift */ = {isa = PBXFileReference; lastKnownFileType = sourcecode.swift; path = Requester.swift; sourceTree = "<group>"; };
		7C66B1FC1FCE42C30016FACD /* Funimation.swift */ = {isa = PBXFileReference; lastKnownFileType = sourcecode.swift; path = Funimation.swift; sourceTree = "<group>"; };
		7C66B1FE1FCE51170016FACD /* Kitsu.swift */ = {isa = PBXFileReference; lastKnownFileType = sourcecode.swift; path = Kitsu.swift; sourceTree = "<group>"; };
/* End PBXFileReference section */

/* Begin PBXFrameworksBuildPhase section */
		7C66B1D21FCDF0C80016FACD /* Frameworks */ = {
			isa = PBXFrameworksBuildPhase;
			buildActionMask = 2147483647;
			files = (
			);
			runOnlyForDeploymentPostprocessing = 0;
		};
		7C66B1DC1FCDF0C90016FACD /* Frameworks */ = {
			isa = PBXFrameworksBuildPhase;
			buildActionMask = 2147483647;
			files = (
				7C66B1E01FCDF0C90016FACD /* AnimeManager.framework in Frameworks */,
			);
			runOnlyForDeploymentPostprocessing = 0;
		};
/* End PBXFrameworksBuildPhase section */

/* Begin PBXGroup section */
		7C66B1CC1FCDF0C80016FACD = {
			isa = PBXGroup;
			children = (
				7C66B1D81FCDF0C80016FACD /* AnimeManager */,
				7C66B1E31FCDF0C90016FACD /* AnimeManagerTests */,
				7C66B1D71FCDF0C80016FACD /* Products */,
			);
			sourceTree = "<group>";
		};
		7C66B1D71FCDF0C80016FACD /* Products */ = {
			isa = PBXGroup;
			children = (
				7C66B1D61FCDF0C80016FACD /* AnimeManager.framework */,
				7C66B1DF1FCDF0C90016FACD /* AnimeManagerTests.xctest */,
			);
			name = Products;
			sourceTree = "<group>";
		};
		7C66B1D81FCDF0C80016FACD /* AnimeManager */ = {
			isa = PBXGroup;
			children = (
				7C66B1D91FCDF0C80016FACD /* AnimeManager.h */,
				7C66B1DA1FCDF0C80016FACD /* Info.plist */,
				7C66B1F01FCDF1010016FACD /* MyAnimeList.swift */,
				7C66B1F21FCDF1EC0016FACD /* Requester.swift */,
				7C66B1FC1FCE42C30016FACD /* Funimation.swift */,
				7C66B1FE1FCE51170016FACD /* Kitsu.swift */,
			);
			path = AnimeManager;
			sourceTree = "<group>";
		};
		7C66B1E31FCDF0C90016FACD /* AnimeManagerTests */ = {
			isa = PBXGroup;
			children = (
				7C66B1E41FCDF0C90016FACD /* AnimeManagerTests.swift */,
				7C66B1E61FCDF0C90016FACD /* Info.plist */,
			);
			path = AnimeManagerTests;
			sourceTree = "<group>";
		};
/* End PBXGroup section */

/* Begin PBXHeadersBuildPhase section */
		7C66B1D31FCDF0C80016FACD /* Headers */ = {
			isa = PBXHeadersBuildPhase;
			buildActionMask = 2147483647;
			files = (
				7C66B1E71FCDF0C90016FACD /* AnimeManager.h in Headers */,
			);
			runOnlyForDeploymentPostprocessing = 0;
		};
/* End PBXHeadersBuildPhase section */

/* Begin PBXNativeTarget section */
		7C66B1D51FCDF0C80016FACD /* AnimeManager */ = {
			isa = PBXNativeTarget;
			buildConfigurationList = 7C66B1EA1FCDF0C90016FACD /* Build configuration list for PBXNativeTarget "AnimeManager" */;
			buildPhases = (
				7C66B1D11FCDF0C80016FACD /* Sources */,
				7C66B1D21FCDF0C80016FACD /* Frameworks */,
				7C66B1D31FCDF0C80016FACD /* Headers */,
				7C66B1D41FCDF0C80016FACD /* Resources */,
			);
			buildRules = (
			);
			dependencies = (
			);
			name = AnimeManager;
			productName = AnimeManager;
			productReference = 7C66B1D61FCDF0C80016FACD /* AnimeManager.framework */;
			productType = "com.apple.product-type.framework";
		};
		7C66B1DE1FCDF0C90016FACD /* AnimeManagerTests */ = {
			isa = PBXNativeTarget;
			buildConfigurationList = 7C66B1ED1FCDF0C90016FACD /* Build configuration list for PBXNativeTarget "AnimeManagerTests" */;
			buildPhases = (
				7C66B1DB1FCDF0C90016FACD /* Sources */,
				7C66B1DC1FCDF0C90016FACD /* Frameworks */,
				7C66B1DD1FCDF0C90016FACD /* Resources */,
			);
			buildRules = (
			);
			dependencies = (
				7C66B1E21FCDF0C90016FACD /* PBXTargetDependency */,
			);
			name = AnimeManagerTests;
			productName = AnimeManagerTests;
			productReference = 7C66B1DF1FCDF0C90016FACD /* AnimeManagerTests.xctest */;
			productType = "com.apple.product-type.bundle.unit-test";
		};
/* End PBXNativeTarget section */

/* Begin PBXProject section */
		7C66B1CD1FCDF0C80016FACD /* Project object */ = {
			isa = PBXProject;
			attributes = {
				LastSwiftUpdateCheck = 0910;
				LastUpgradeCheck = 0910;
				ORGANIZATIONNAME = "Lucy Zhang";
				TargetAttributes = {
					7C66B1D51FCDF0C80016FACD = {
						CreatedOnToolsVersion = 9.1;
						LastSwiftMigration = 0910;
						ProvisioningStyle = Automatic;
					};
					7C66B1DE1FCDF0C90016FACD = {
						CreatedOnToolsVersion = 9.1;
						ProvisioningStyle = Automatic;
					};
					7C66B1F41FCDF3590016FACD = {
						CreatedOnToolsVersion = 9.1;
						ProvisioningStyle = Automatic;
					};
				};
			};
			buildConfigurationList = 7C66B1D01FCDF0C80016FACD /* Build configuration list for PBXProject "AnimeManager" */;
			compatibilityVersion = "Xcode 8.0";
			developmentRegion = en;
			hasScannedForEncodings = 0;
			knownRegions = (
				en,
			);
			mainGroup = 7C66B1CC1FCDF0C80016FACD;
			productRefGroup = 7C66B1D71FCDF0C80016FACD /* Products */;
			projectDirPath = "";
			projectRoot = "";
			targets = (
				7C66B1D51FCDF0C80016FACD /* AnimeManager */,
				7C66B1DE1FCDF0C90016FACD /* AnimeManagerTests */,
				7C66B1F41FCDF3590016FACD /* All */,
			);
		};
/* End PBXProject section */

/* Begin PBXResourcesBuildPhase section */
		7C66B1D41FCDF0C80016FACD /* Resources */ = {
			isa = PBXResourcesBuildPhase;
			buildActionMask = 2147483647;
			files = (
			);
			runOnlyForDeploymentPostprocessing = 0;
		};
		7C66B1DD1FCDF0C90016FACD /* Resources */ = {
			isa = PBXResourcesBuildPhase;
			buildActionMask = 2147483647;
			files = (
			);
			runOnlyForDeploymentPostprocessing = 0;
		};
/* End PBXResourcesBuildPhase section */

/* Begin PBXSourcesBuildPhase section */
		7C66B1D11FCDF0C80016FACD /* Sources */ = {
			isa = PBXSourcesBuildPhase;
			buildActionMask = 2147483647;
			files = (
				7C66B1F31FCDF1EC0016FACD /* Requester.swift in Sources */,
				7C66B1F11FCDF1010016FACD /* MyAnimeList.swift in Sources */,
				7C66B1FF1FCE51170016FACD /* Kitsu.swift in Sources */,
				7C66B1FD1FCE42C30016FACD /* Funimation.swift in Sources */,
			);
			runOnlyForDeploymentPostprocessing = 0;
		};
		7C66B1DB1FCDF0C90016FACD /* Sources */ = {
			isa = PBXSourcesBuildPhase;
			buildActionMask = 2147483647;
			files = (
				7C66B1E51FCDF0C90016FACD /* AnimeManagerTests.swift in Sources */,
			);
			runOnlyForDeploymentPostprocessing = 0;
		};
/* End PBXSourcesBuildPhase section */

/* Begin PBXTargetDependency section */
		7C66B1E21FCDF0C90016FACD /* PBXTargetDependency */ = {
			isa = PBXTargetDependency;
			target = 7C66B1D51FCDF0C80016FACD /* AnimeManager */;
			targetProxy = 7C66B1E11FCDF0C90016FACD /* PBXContainerItemProxy */;
		};
		7C66B1F91FCDF3630016FACD /* PBXTargetDependency */ = {
			isa = PBXTargetDependency;
			target = 7C66B1D51FCDF0C80016FACD /* AnimeManager */;
			targetProxy = 7C66B1F81FCDF3630016FACD /* PBXContainerItemProxy */;
		};
		7C66B1FB1FCDF3630016FACD /* PBXTargetDependency */ = {
			isa = PBXTargetDependency;
			target = 7C66B1DE1FCDF0C90016FACD /* AnimeManagerTests */;
			targetProxy = 7C66B1FA1FCDF3630016FACD /* PBXContainerItemProxy */;
		};
/* End PBXTargetDependency section */

/* Begin XCBuildConfiguration section */
		7C66B1E81FCDF0C90016FACD /* Debug */ = {
			isa = XCBuildConfiguration;
			buildSettings = {
				ALWAYS_SEARCH_USER_PATHS = NO;
				CLANG_ANALYZER_NONNULL = YES;
				CLANG_ANALYZER_NUMBER_OBJECT_CONVERSION = YES_AGGRESSIVE;
				CLANG_CXX_LANGUAGE_STANDARD = "gnu++14";
				CLANG_CXX_LIBRARY = "libc++";
				CLANG_ENABLE_MODULES = YES;
				CLANG_ENABLE_OBJC_ARC = YES;
				CLANG_WARN_BLOCK_CAPTURE_AUTORELEASING = YES;
				CLANG_WARN_BOOL_CONVERSION = YES;
				CLANG_WARN_COMMA = YES;
				CLANG_WARN_CONSTANT_CONVERSION = YES;
				CLANG_WARN_DIRECT_OBJC_ISA_USAGE = YES_ERROR;
				CLANG_WARN_DOCUMENTATION_COMMENTS = YES;
				CLANG_WARN_EMPTY_BODY = YES;
				CLANG_WARN_ENUM_CONVERSION = YES;
				CLANG_WARN_INFINITE_RECURSION = YES;
				CLANG_WARN_INT_CONVERSION = YES;
				CLANG_WARN_NON_LITERAL_NULL_CONVERSION = YES;
				CLANG_WARN_OBJC_LITERAL_CONVERSION = YES;
				CLANG_WARN_OBJC_ROOT_CLASS = YES_ERROR;
				CLANG_WARN_RANGE_LOOP_ANALYSIS = YES;
				CLANG_WARN_STRICT_PROTOTYPES = YES;
				CLANG_WARN_SUSPICIOUS_MOVE = YES;
				CLANG_WARN_UNGUARDED_AVAILABILITY = YES_AGGRESSIVE;
				CLANG_WARN_UNREACHABLE_CODE = YES;
				CLANG_WARN__DUPLICATE_METHOD_MATCH = YES;
				CODE_SIGN_IDENTITY = "iPhone Developer";
				COPY_PHASE_STRIP = NO;
				CURRENT_PROJECT_VERSION = 1;
				DEBUG_INFORMATION_FORMAT = dwarf;
				ENABLE_STRICT_OBJC_MSGSEND = YES;
				ENABLE_TESTABILITY = YES;
				GCC_C_LANGUAGE_STANDARD = gnu11;
				GCC_DYNAMIC_NO_PIC = NO;
				GCC_NO_COMMON_BLOCKS = YES;
				GCC_OPTIMIZATION_LEVEL = 0;
				GCC_PREPROCESSOR_DEFINITIONS = (
					"DEBUG=1",
					"$(inherited)",
				);
				GCC_WARN_64_TO_32_BIT_CONVERSION = YES;
				GCC_WARN_ABOUT_RETURN_TYPE = YES_ERROR;
				GCC_WARN_UNDECLARED_SELECTOR = YES;
				GCC_WARN_UNINITIALIZED_AUTOS = YES_AGGRESSIVE;
				GCC_WARN_UNUSED_FUNCTION = YES;
				GCC_WARN_UNUSED_VARIABLE = YES;
				IPHONEOS_DEPLOYMENT_TARGET = 11.1;
				MTL_ENABLE_DEBUG_INFO = YES;
				ONLY_ACTIVE_ARCH = YES;
				SDKROOT = iphoneos;
				SWIFT_ACTIVE_COMPILATION_CONDITIONS = DEBUG;
				SWIFT_OPTIMIZATION_LEVEL = "-Onone";
				VERSIONING_SYSTEM = "apple-generic";
				VERSION_INFO_PREFIX = "";
			};
			name = Debug;
		};
		7C66B1E91FCDF0C90016FACD /* Release */ = {
			isa = XCBuildConfiguration;
			buildSettings = {
				ALWAYS_SEARCH_USER_PATHS = NO;
				CLANG_ANALYZER_NONNULL = YES;
				CLANG_ANALYZER_NUMBER_OBJECT_CONVERSION = YES_AGGRESSIVE;
				CLANG_CXX_LANGUAGE_STANDARD = "gnu++14";
				CLANG_CXX_LIBRARY = "libc++";
				CLANG_ENABLE_MODULES = YES;
				CLANG_ENABLE_OBJC_ARC = YES;
				CLANG_WARN_BLOCK_CAPTURE_AUTORELEASING = YES;
				CLANG_WARN_BOOL_CONVERSION = YES;
				CLANG_WARN_COMMA = YES;
				CLANG_WARN_CONSTANT_CONVERSION = YES;
				CLANG_WARN_DIRECT_OBJC_ISA_USAGE = YES_ERROR;
				CLANG_WARN_DOCUMENTATION_COMMENTS = YES;
				CLANG_WARN_EMPTY_BODY = YES;
				CLANG_WARN_ENUM_CONVERSION = YES;
				CLANG_WARN_INFINITE_RECURSION = YES;
				CLANG_WARN_INT_CONVERSION = YES;
				CLANG_WARN_NON_LITERAL_NULL_CONVERSION = YES;
				CLANG_WARN_OBJC_LITERAL_CONVERSION = YES;
				CLANG_WARN_OBJC_ROOT_CLASS = YES_ERROR;
				CLANG_WARN_RANGE_LOOP_ANALYSIS = YES;
				CLANG_WARN_STRICT_PROTOTYPES = YES;
				CLANG_WARN_SUSPICIOUS_MOVE = YES;
				CLANG_WARN_UNGUARDED_AVAILABILITY = YES_AGGRESSIVE;
				CLANG_WARN_UNREACHABLE_CODE = YES;
				CLANG_WARN__DUPLICATE_METHOD_MATCH = YES;
				CODE_SIGN_IDENTITY = "iPhone Developer";
				COPY_PHASE_STRIP = NO;
				CURRENT_PROJECT_VERSION = 1;
				DEBUG_INFORMATION_FORMAT = "dwarf-with-dsym";
				ENABLE_NS_ASSERTIONS = NO;
				ENABLE_STRICT_OBJC_MSGSEND = YES;
				GCC_C_LANGUAGE_STANDARD = gnu11;
				GCC_NO_COMMON_BLOCKS = YES;
				GCC_WARN_64_TO_32_BIT_CONVERSION = YES;
				GCC_WARN_ABOUT_RETURN_TYPE = YES_ERROR;
				GCC_WARN_UNDECLARED_SELECTOR = YES;
				GCC_WARN_UNINITIALIZED_AUTOS = YES_AGGRESSIVE;
				GCC_WARN_UNUSED_FUNCTION = YES;
				GCC_WARN_UNUSED_VARIABLE = YES;
				IPHONEOS_DEPLOYMENT_TARGET = 11.1;
				MTL_ENABLE_DEBUG_INFO = NO;
				SDKROOT = iphoneos;
				SWIFT_OPTIMIZATION_LEVEL = "-Owholemodule";
				VALIDATE_PRODUCT = YES;
				VERSIONING_SYSTEM = "apple-generic";
				VERSION_INFO_PREFIX = "";
			};
			name = Release;
		};
		7C66B1EB1FCDF0C90016FACD /* Debug */ = {
			isa = XCBuildConfiguration;
			buildSettings = {
				CLANG_ENABLE_MODULES = YES;
				CODE_SIGN_IDENTITY = "";
				CODE_SIGN_STYLE = Automatic;
				DEFINES_MODULE = YES;
				DEVELOPMENT_TEAM = 65ZN6CM2H7;
				DYLIB_COMPATIBILITY_VERSION = 1;
				DYLIB_CURRENT_VERSION = 1;
				DYLIB_INSTALL_NAME_BASE = "@rpath";
				INFOPLIST_FILE = AnimeManager/Info.plist;
				INSTALL_PATH = "$(LOCAL_LIBRARY_DIR)/Frameworks";
				LD_RUNPATH_SEARCH_PATHS = "$(inherited) @executable_path/Frameworks @loader_path/Frameworks";
				PRODUCT_BUNDLE_IDENTIFIER = lucy.AnimeManager;
				PRODUCT_NAME = "$(TARGET_NAME:c99extidentifier)";
				SKIP_INSTALL = YES;
				SWIFT_OPTIMIZATION_LEVEL = "-Onone";
				SWIFT_VERSION = 4.0;
				TARGETED_DEVICE_FAMILY = "1,2";
			};
			name = Debug;
		};
		7C66B1EC1FCDF0C90016FACD /* Release */ = {
			isa = XCBuildConfiguration;
			buildSettings = {
				CLANG_ENABLE_MODULES = YES;
				CODE_SIGN_IDENTITY = "";
				CODE_SIGN_STYLE = Automatic;
				DEFINES_MODULE = YES;
				DEVELOPMENT_TEAM = 65ZN6CM2H7;
				DYLIB_COMPATIBILITY_VERSION = 1;
				DYLIB_CURRENT_VERSION = 1;
				DYLIB_INSTALL_NAME_BASE = "@rpath";
				INFOPLIST_FILE = AnimeManager/Info.plist;
				INSTALL_PATH = "$(LOCAL_LIBRARY_DIR)/Frameworks";
				LD_RUNPATH_SEARCH_PATHS = "$(inherited) @executable_path/Frameworks @loader_path/Frameworks";
				PRODUCT_BUNDLE_IDENTIFIER = lucy.AnimeManager;
				PRODUCT_NAME = "$(TARGET_NAME:c99extidentifier)";
				SKIP_INSTALL = YES;
				SWIFT_VERSION = 4.0;
				TARGETED_DEVICE_FAMILY = "1,2";
			};
			name = Release;
		};
		7C66B1EE1FCDF0C90016FACD /* Debug */ = {
			isa = XCBuildConfiguration;
			buildSettings = {
				ALWAYS_EMBED_SWIFT_STANDARD_LIBRARIES = YES;
				CODE_SIGN_STYLE = Automatic;
				DEVELOPMENT_TEAM = 65ZN6CM2H7;
				INFOPLIST_FILE = AnimeManagerTests/Info.plist;
				LD_RUNPATH_SEARCH_PATHS = "$(inherited) @executable_path/Frameworks @loader_path/Frameworks";
				PRODUCT_BUNDLE_IDENTIFIER = lucy.AnimeManagerTests;
				PRODUCT_NAME = "$(TARGET_NAME)";
				SWIFT_VERSION = 4.0;
				TARGETED_DEVICE_FAMILY = "1,2";
			};
			name = Debug;
		};
		7C66B1EF1FCDF0C90016FACD /* Release */ = {
			isa = XCBuildConfiguration;
			buildSettings = {
				ALWAYS_EMBED_SWIFT_STANDARD_LIBRARIES = YES;
				CODE_SIGN_STYLE = Automatic;
				DEVELOPMENT_TEAM = 65ZN6CM2H7;
				INFOPLIST_FILE = AnimeManagerTests/Info.plist;
				LD_RUNPATH_SEARCH_PATHS = "$(inherited) @executable_path/Frameworks @loader_path/Frameworks";
				PRODUCT_BUNDLE_IDENTIFIER = lucy.AnimeManagerTests;
				PRODUCT_NAME = "$(TARGET_NAME)";
				SWIFT_VERSION = 4.0;
				TARGETED_DEVICE_FAMILY = "1,2";
			};
			name = Release;
		};
		7C66B1F61FCDF3590016FACD /* Debug */ = {
			isa = XCBuildConfiguration;
			buildSettings = {
				CODE_SIGN_STYLE = Automatic;
				DEVELOPMENT_TEAM = 65ZN6CM2H7;
				PRODUCT_NAME = "$(TARGET_NAME)";
			};
			name = Debug;
		};
		7C66B1F71FCDF3590016FACD /* Release */ = {
			isa = XCBuildConfiguration;
			buildSettings = {
				CODE_SIGN_STYLE = Automatic;
				DEVELOPMENT_TEAM = 65ZN6CM2H7;
				PRODUCT_NAME = "$(TARGET_NAME)";
			};
			name = Release;
		};
/* End XCBuildConfiguration section */

/* Begin XCConfigurationList section */
		7C66B1D01FCDF0C80016FACD /* Build configuration list for PBXProject "AnimeManager" */ = {
			isa = XCConfigurationList;
			buildConfigurations = (
				7C66B1E81FCDF0C90016FACD /* Debug */,
				7C66B1E91FCDF0C90016FACD /* Release */,
			);
			defaultConfigurationIsVisible = 0;
			defaultConfigurationName = Release;
		};
		7C66B1EA1FCDF0C90016FACD /* Build configuration list for PBXNativeTarget "AnimeManager" */ = {
			isa = XCConfigurationList;
			buildConfigurations = (
				7C66B1EB1FCDF0C90016FACD /* Debug */,
				7C66B1EC1FCDF0C90016FACD /* Release */,
			);
			defaultConfigurationIsVisible = 0;
			defaultConfigurationName = Release;
		};
		7C66B1ED1FCDF0C90016FACD /* Build configuration list for PBXNativeTarget "AnimeManagerTests" */ = {
			isa = XCConfigurationList;
			buildConfigurations = (
				7C66B1EE1FCDF0C90016FACD /* Debug */,
				7C66B1EF1FCDF0C90016FACD /* Release */,
			);
			defaultConfigurationIsVisible = 0;
			defaultConfigurationName = Release;
		};
		7C66B1F51FCDF3590016FACD /* Build configuration list for PBXAggregateTarget "All" */ = {
			isa = XCConfigurationList;
			buildConfigurations = (
				7C66B1F61FCDF3590016FACD /* Debug */,
				7C66B1F71FCDF3590016FACD /* Release */,
			);
			defaultConfigurationIsVisible = 0;
			defaultConfigurationName = Release;
		};
/* End XCConfigurationList section */
	};
	rootObject = 7C66B1CD1FCDF0C80016FACD /* Project object */;
}
